// !$*UTF8*$!
{
	archiveVersion = 1;
	classes = {
	};
	objectVersion = 46;
	objects = {

/* Begin PBXBuildFile section */
		1D9240701C9EB64E007183A9 /* main.m in Sources */ = {isa = PBXBuildFile; fileRef = 1D92406F1C9EB64E007183A9 /* main.m */; };
		1D9240731C9EB64E007183A9 /* AppDelegate.m in Sources */ = {isa = PBXBuildFile; fileRef = 1D9240721C9EB64E007183A9 /* AppDelegate.m */; };
		1D9240761C9EB64E007183A9 /* ViewController.m in Sources */ = {isa = PBXBuildFile; fileRef = 1D9240751C9EB64E007183A9 /* ViewController.m */; };
		1D9240791C9EB64E007183A9 /* Main.storyboard in Resources */ = {isa = PBXBuildFile; fileRef = 1D9240771C9EB64E007183A9 /* Main.storyboard */; };
		1D92407B1C9EB64E007183A9 /* Assets.xcassets in Resources */ = {isa = PBXBuildFile; fileRef = 1D92407A1C9EB64E007183A9 /* Assets.xcassets */; };
		1D92407E1C9EB64E007183A9 /* LaunchScreen.storyboard in Resources */ = {isa = PBXBuildFile; fileRef = 1D92407C1C9EB64E007183A9 /* LaunchScreen.storyboard */; };
		1D9240891C9EB64E007183A9 /* KSTableViewManagerTests.m in Sources */ = {isa = PBXBuildFile; fileRef = 1D9240881C9EB64E007183A9 /* KSTableViewManagerTests.m */; };
		1D9240941C9EB64E007183A9 /* KSTableViewManagerUITests.m in Sources */ = {isa = PBXBuildFile; fileRef = 1D9240931C9EB64E007183A9 /* KSTableViewManagerUITests.m */; };
		1D9240A81C9EB87C007183A9 /* KSTableViewSection.m in Sources */ = {isa = PBXBuildFile; fileRef = 1D9240A21C9EB87C007183A9 /* KSTableViewSection.m */; };
		BCE8D0A225FF9137EFBA25A7 /* KSTableViewManager+Actionable.m in Sources */ = {isa = PBXBuildFile; fileRef = BCE8D87A70FC81BB1C92E570 /* KSTableViewManager+Actionable.m */; };
		BCE8D27E986DAA2E3A7E47F0 /* KSTableViewSection+Indexes.m in Sources */ = {isa = PBXBuildFile; fileRef = BCE8D0AF84F0C4105927173C /* KSTableViewSection+Indexes.m */; };
		BCE8DD9DA3B152BA6C4507F8 /* KSTableViewSection+RowGroup.m in Sources */ = {isa = PBXBuildFile; fileRef = BCE8DAA9862CAC0A39BDD070 /* KSTableViewSection+RowGroup.m */; };
		BCE8DE5646F8E73C8620520D /* KSTableViewManager.m in Sources */ = {isa = PBXBuildFile; fileRef = BCE8D289C6BF0256F895D236 /* KSTableViewManager.m */; };
/* End PBXBuildFile section */

/* Begin PBXContainerItemProxy section */
		1D9240851C9EB64E007183A9 /* PBXContainerItemProxy */ = {
			isa = PBXContainerItemProxy;
			containerPortal = 1D9240631C9EB64D007183A9 /* Project object */;
			proxyType = 1;
			remoteGlobalIDString = 1D92406A1C9EB64E007183A9;
			remoteInfo = KSTableViewManager;
		};
		1D9240901C9EB64E007183A9 /* PBXContainerItemProxy */ = {
			isa = PBXContainerItemProxy;
			containerPortal = 1D9240631C9EB64D007183A9 /* Project object */;
			proxyType = 1;
			remoteGlobalIDString = 1D92406A1C9EB64E007183A9;
			remoteInfo = KSTableViewManager;
		};
/* End PBXContainerItemProxy section */

/* Begin PBXFileReference section */
		1D92406B1C9EB64E007183A9 /* KSTableViewManager.app */ = {isa = PBXFileReference; explicitFileType = wrapper.application; includeInIndex = 0; path = KSTableViewManager.app; sourceTree = BUILT_PRODUCTS_DIR; };
		1D92406F1C9EB64E007183A9 /* main.m */ = {isa = PBXFileReference; lastKnownFileType = sourcecode.c.objc; path = main.m; sourceTree = "<group>"; };
		1D9240711C9EB64E007183A9 /* AppDelegate.h */ = {isa = PBXFileReference; lastKnownFileType = sourcecode.c.h; path = AppDelegate.h; sourceTree = "<group>"; };
		1D9240721C9EB64E007183A9 /* AppDelegate.m */ = {isa = PBXFileReference; lastKnownFileType = sourcecode.c.objc; path = AppDelegate.m; sourceTree = "<group>"; };
		1D9240741C9EB64E007183A9 /* ViewController.h */ = {isa = PBXFileReference; lastKnownFileType = sourcecode.c.h; path = ViewController.h; sourceTree = "<group>"; };
		1D9240751C9EB64E007183A9 /* ViewController.m */ = {isa = PBXFileReference; lastKnownFileType = sourcecode.c.objc; path = ViewController.m; sourceTree = "<group>"; };
		1D9240781C9EB64E007183A9 /* Base */ = {isa = PBXFileReference; lastKnownFileType = file.storyboard; name = Base; path = Base.lproj/Main.storyboard; sourceTree = "<group>"; };
		1D92407A1C9EB64E007183A9 /* Assets.xcassets */ = {isa = PBXFileReference; lastKnownFileType = folder.assetcatalog; path = Assets.xcassets; sourceTree = "<group>"; };
		1D92407D1C9EB64E007183A9 /* Base */ = {isa = PBXFileReference; lastKnownFileType = file.storyboard; name = Base; path = Base.lproj/LaunchScreen.storyboard; sourceTree = "<group>"; };
		1D92407F1C9EB64E007183A9 /* Info.plist */ = {isa = PBXFileReference; lastKnownFileType = text.plist.xml; path = Info.plist; sourceTree = "<group>"; };
		1D9240841C9EB64E007183A9 /* KSTableViewManagerTests.xctest */ = {isa = PBXFileReference; explicitFileType = wrapper.cfbundle; includeInIndex = 0; path = KSTableViewManagerTests.xctest; sourceTree = BUILT_PRODUCTS_DIR; };
		1D9240881C9EB64E007183A9 /* KSTableViewManagerTests.m */ = {isa = PBXFileReference; lastKnownFileType = sourcecode.c.objc; path = KSTableViewManagerTests.m; sourceTree = "<group>"; };
		1D92408A1C9EB64E007183A9 /* Info.plist */ = {isa = PBXFileReference; lastKnownFileType = text.plist.xml; path = Info.plist; sourceTree = "<group>"; };
		1D92408F1C9EB64E007183A9 /* KSTableViewManagerUITests.xctest */ = {isa = PBXFileReference; explicitFileType = wrapper.cfbundle; includeInIndex = 0; path = KSTableViewManagerUITests.xctest; sourceTree = BUILT_PRODUCTS_DIR; };
		1D9240931C9EB64E007183A9 /* KSTableViewManagerUITests.m */ = {isa = PBXFileReference; lastKnownFileType = sourcecode.c.objc; path = KSTableViewManagerUITests.m; sourceTree = "<group>"; };
		1D9240951C9EB64E007183A9 /* Info.plist */ = {isa = PBXFileReference; lastKnownFileType = text.plist.xml; path = Info.plist; sourceTree = "<group>"; };
		1D9240A11C9EB87C007183A9 /* KSTableViewSection.h */ = {isa = PBXFileReference; fileEncoding = 4; lastKnownFileType = sourcecode.c.h; path = KSTableViewSection.h; sourceTree = "<group>"; };
		1D9240A21C9EB87C007183A9 /* KSTableViewSection.m */ = {isa = PBXFileReference; fileEncoding = 4; lastKnownFileType = sourcecode.c.objc; path = KSTableViewSection.m; sourceTree = "<group>"; };
		1D9240A71C9EB87C007183A9 /* KSTableViewRow.h */ = {isa = PBXFileReference; fileEncoding = 4; lastKnownFileType = sourcecode.c.h; path = KSTableViewRow.h; sourceTree = "<group>"; };
		BCE8D0AF84F0C4105927173C /* KSTableViewSection+Indexes.m */ = {isa = PBXFileReference; fileEncoding = 4; lastKnownFileType = sourcecode.c.objc; path = "KSTableViewSection+Indexes.m"; sourceTree = "<group>"; };
		BCE8D2792CC59FD246AC1CE8 /* KSTableViewActionable.h */ = {isa = PBXFileReference; fileEncoding = 4; lastKnownFileType = sourcecode.c.h; path = KSTableViewActionable.h; sourceTree = "<group>"; };
		BCE8D289C6BF0256F895D236 /* KSTableViewManager.m */ = {isa = PBXFileReference; fileEncoding = 4; lastKnownFileType = sourcecode.c.objc; path = KSTableViewManager.m; sourceTree = "<group>"; };
		BCE8D432BD2F604B2AC9E67D /* KSTableViewSection+RowGroup.h */ = {isa = PBXFileReference; fileEncoding = 4; lastKnownFileType = sourcecode.c.h; path = "KSTableViewSection+RowGroup.h"; sourceTree = "<group>"; };
		BCE8D520C407F69E09F876D2 /* KSTableViewManager.h */ = {isa = PBXFileReference; fileEncoding = 4; lastKnownFileType = sourcecode.c.h; path = KSTableViewManager.h; sourceTree = "<group>"; };
		BCE8D87A70FC81BB1C92E570 /* KSTableViewManager+Actionable.m */ = {isa = PBXFileReference; fileEncoding = 4; lastKnownFileType = sourcecode.c.objc; path = "KSTableViewManager+Actionable.m"; sourceTree = "<group>"; };
		BCE8DAA9862CAC0A39BDD070 /* KSTableViewSection+RowGroup.m */ = {isa = PBXFileReference; fileEncoding = 4; lastKnownFileType = sourcecode.c.objc; path = "KSTableViewSection+RowGroup.m"; sourceTree = "<group>"; };
		BCE8DB6E4BB4866FCDBD6EAC /* KSTableViewManager+Actionable.h */ = {isa = PBXFileReference; fileEncoding = 4; lastKnownFileType = sourcecode.c.h; path = "KSTableViewManager+Actionable.h"; sourceTree = "<group>"; };
		BCE8DBE70512D7AB0C0074EB /* KSTableViewSection+Indexes.h */ = {isa = PBXFileReference; fileEncoding = 4; lastKnownFileType = sourcecode.c.h; path = "KSTableViewSection+Indexes.h"; sourceTree = "<group>"; };
/* End PBXFileReference section */

/* Begin PBXFrameworksBuildPhase section */
		1D9240681C9EB64E007183A9 /* Frameworks */ = {
			isa = PBXFrameworksBuildPhase;
			buildActionMask = 2147483647;
			files = (
			);
			runOnlyForDeploymentPostprocessing = 0;
		};
		1D9240811C9EB64E007183A9 /* Frameworks */ = {
			isa = PBXFrameworksBuildPhase;
			buildActionMask = 2147483647;
			files = (
			);
			runOnlyForDeploymentPostprocessing = 0;
		};
		1D92408C1C9EB64E007183A9 /* Frameworks */ = {
			isa = PBXFrameworksBuildPhase;
			buildActionMask = 2147483647;
			files = (
			);
			runOnlyForDeploymentPostprocessing = 0;
		};
/* End PBXFrameworksBuildPhase section */

/* Begin PBXGroup section */
		1D9240621C9EB64D007183A9 = {
			isa = PBXGroup;
			children = (
				1D92406D1C9EB64E007183A9 /* KSTableViewManager */,
				1D9240871C9EB64E007183A9 /* KSTableViewManagerTests */,
				1D9240921C9EB64E007183A9 /* KSTableViewManagerUITests */,
				1D92406C1C9EB64E007183A9 /* Products */,
			);
			sourceTree = "<group>";
		};
		1D92406C1C9EB64E007183A9 /* Products */ = {
			isa = PBXGroup;
			children = (
				1D92406B1C9EB64E007183A9 /* KSTableViewManager.app */,
				1D9240841C9EB64E007183A9 /* KSTableViewManagerTests.xctest */,
				1D92408F1C9EB64E007183A9 /* KSTableViewManagerUITests.xctest */,
			);
			name = Products;
			sourceTree = "<group>";
		};
		1D92406D1C9EB64E007183A9 /* KSTableViewManager */ = {
			isa = PBXGroup;
			children = (
				1D9240711C9EB64E007183A9 /* AppDelegate.h */,
				1D9240721C9EB64E007183A9 /* AppDelegate.m */,
				1D9240741C9EB64E007183A9 /* ViewController.h */,
				1D9240751C9EB64E007183A9 /* ViewController.m */,
				1D9240771C9EB64E007183A9 /* Main.storyboard */,
				1D92407A1C9EB64E007183A9 /* Assets.xcassets */,
				1D92407C1C9EB64E007183A9 /* LaunchScreen.storyboard */,
				1D92407F1C9EB64E007183A9 /* Info.plist */,
				1D92406E1C9EB64E007183A9 /* Supporting Files */,
				BCE8D6BDD829C710233FF900 /* KSTableViewManager */,
			);
			path = KSTableViewManager;
			sourceTree = "<group>";
		};
		1D92406E1C9EB64E007183A9 /* Supporting Files */ = {
			isa = PBXGroup;
			children = (
				1D92406F1C9EB64E007183A9 /* main.m */,
			);
			name = "Supporting Files";
			sourceTree = "<group>";
		};
		1D9240871C9EB64E007183A9 /* KSTableViewManagerTests */ = {
			isa = PBXGroup;
			children = (
				1D9240881C9EB64E007183A9 /* KSTableViewManagerTests.m */,
				1D92408A1C9EB64E007183A9 /* Info.plist */,
			);
			path = KSTableViewManagerTests;
			sourceTree = "<group>";
		};
		1D9240921C9EB64E007183A9 /* KSTableViewManagerUITests */ = {
			isa = PBXGroup;
			children = (
				1D9240931C9EB64E007183A9 /* KSTableViewManagerUITests.m */,
				1D9240951C9EB64E007183A9 /* Info.plist */,
			);
			path = KSTableViewManagerUITests;
			sourceTree = "<group>";
		};
		BCE8D6BDD829C710233FF900 /* KSTableViewManager */ = {
			isa = PBXGroup;
			children = (
				1D9240A11C9EB87C007183A9 /* KSTableViewSection.h */,
				1D9240A21C9EB87C007183A9 /* KSTableViewSection.m */,
				1D9240A71C9EB87C007183A9 /* KSTableViewRow.h */,
				BCE8D7BC6369C787D0FBC870 /* Categories */,
				BCE8D289C6BF0256F895D236 /* KSTableViewManager.m */,
				BCE8D520C407F69E09F876D2 /* KSTableViewManager.h */,
				BCE8D2792CC59FD246AC1CE8 /* KSTableViewActionable.h */,
				BCE8D87A70FC81BB1C92E570 /* KSTableViewManager+Actionable.m */,
				BCE8DB6E4BB4866FCDBD6EAC /* KSTableViewManager+Actionable.h */,
			);
			path = KSTableViewManager;
			sourceTree = "<group>";
		};
		BCE8D7BC6369C787D0FBC870 /* Categories */ = {
			isa = PBXGroup;
			children = (
				BCE8D0AF84F0C4105927173C /* KSTableViewSection+Indexes.m */,
				BCE8DBE70512D7AB0C0074EB /* KSTableViewSection+Indexes.h */,
				BCE8DAA9862CAC0A39BDD070 /* KSTableViewSection+RowGroup.m */,
				BCE8D432BD2F604B2AC9E67D /* KSTableViewSection+RowGroup.h */,
			);
			path = Categories;
			sourceTree = "<group>";
		};
/* End PBXGroup section */

/* Begin PBXNativeTarget section */
		1D92406A1C9EB64E007183A9 /* KSTableViewManager */ = {
			isa = PBXNativeTarget;
			buildConfigurationList = 1D9240981C9EB64E007183A9 /* Build configuration list for PBXNativeTarget "KSTableViewManager" */;
			buildPhases = (
				1D9240671C9EB64E007183A9 /* Sources */,
				1D9240681C9EB64E007183A9 /* Frameworks */,
				1D9240691C9EB64E007183A9 /* Resources */,
			);
			buildRules = (
			);
			dependencies = (
			);
			name = KSTableViewManager;
			productName = KSTableViewManager;
			productReference = 1D92406B1C9EB64E007183A9 /* KSTableViewManager.app */;
			productType = "com.apple.product-type.application";
		};
		1D9240831C9EB64E007183A9 /* KSTableViewManagerTests */ = {
			isa = PBXNativeTarget;
			buildConfigurationList = 1D92409B1C9EB64E007183A9 /* Build configuration list for PBXNativeTarget "KSTableViewManagerTests" */;
			buildPhases = (
				1D9240801C9EB64E007183A9 /* Sources */,
				1D9240811C9EB64E007183A9 /* Frameworks */,
				1D9240821C9EB64E007183A9 /* Resources */,
			);
			buildRules = (
			);
			dependencies = (
				1D9240861C9EB64E007183A9 /* PBXTargetDependency */,
			);
			name = KSTableViewManagerTests;
			productName = KSTableViewManagerTests;
			productReference = 1D9240841C9EB64E007183A9 /* KSTableViewManagerTests.xctest */;
			productType = "com.apple.product-type.bundle.unit-test";
		};
		1D92408E1C9EB64E007183A9 /* KSTableViewManagerUITests */ = {
			isa = PBXNativeTarget;
			buildConfigurationList = 1D92409E1C9EB64E007183A9 /* Build configuration list for PBXNativeTarget "KSTableViewManagerUITests" */;
			buildPhases = (
				1D92408B1C9EB64E007183A9 /* Sources */,
				1D92408C1C9EB64E007183A9 /* Frameworks */,
				1D92408D1C9EB64E007183A9 /* Resources */,
			);
			buildRules = (
			);
			dependencies = (
				1D9240911C9EB64E007183A9 /* PBXTargetDependency */,
			);
			name = KSTableViewManagerUITests;
			productName = KSTableViewManagerUITests;
			productReference = 1D92408F1C9EB64E007183A9 /* KSTableViewManagerUITests.xctest */;
			productType = "com.apple.product-type.bundle.ui-testing";
		};
/* End PBXNativeTarget section */

/* Begin PBXProject section */
		1D9240631C9EB64D007183A9 /* Project object */ = {
			isa = PBXProject;
			attributes = {
				LastUpgradeCheck = 0720;
				ORGANIZATIONNAME = "Konrad Szczesniak";
				TargetAttributes = {
					1D92406A1C9EB64E007183A9 = {
						CreatedOnToolsVersion = 7.2.1;
					};
					1D9240831C9EB64E007183A9 = {
						CreatedOnToolsVersion = 7.2.1;
						TestTargetID = 1D92406A1C9EB64E007183A9;
					};
					1D92408E1C9EB64E007183A9 = {
						CreatedOnToolsVersion = 7.2.1;
						TestTargetID = 1D92406A1C9EB64E007183A9;
					};
				};
			};
			buildConfigurationList = 1D9240661C9EB64D007183A9 /* Build configuration list for PBXProject "KSTableViewManager" */;
			compatibilityVersion = "Xcode 3.2";
			developmentRegion = English;
			hasScannedForEncodings = 0;
			knownRegions = (
				en,
				Base,
			);
			mainGroup = 1D9240621C9EB64D007183A9;
			productRefGroup = 1D92406C1C9EB64E007183A9 /* Products */;
			projectDirPath = "";
			projectRoot = "";
			targets = (
				1D92406A1C9EB64E007183A9 /* KSTableViewManager */,
				1D9240831C9EB64E007183A9 /* KSTableViewManagerTests */,
				1D92408E1C9EB64E007183A9 /* KSTableViewManagerUITests */,
			);
		};
/* End PBXProject section */

/* Begin PBXResourcesBuildPhase section */
		1D9240691C9EB64E007183A9 /* Resources */ = {
			isa = PBXResourcesBuildPhase;
			buildActionMask = 2147483647;
			files = (
				1D92407E1C9EB64E007183A9 /* LaunchScreen.storyboard in Resources */,
				1D92407B1C9EB64E007183A9 /* Assets.xcassets in Resources */,
				1D9240791C9EB64E007183A9 /* Main.storyboard in Resources */,
			);
			runOnlyForDeploymentPostprocessing = 0;
		};
		1D9240821C9EB64E007183A9 /* Resources */ = {
			isa = PBXResourcesBuildPhase;
			buildActionMask = 2147483647;
			files = (
			);
			runOnlyForDeploymentPostprocessing = 0;
		};
		1D92408D1C9EB64E007183A9 /* Resources */ = {
			isa = PBXResourcesBuildPhase;
			buildActionMask = 2147483647;
			files = (
			);
			runOnlyForDeploymentPostprocessing = 0;
		};
/* End PBXResourcesBuildPhase section */

/* Begin PBXSourcesBuildPhase section */
		1D9240671C9EB64E007183A9 /* Sources */ = {
			isa = PBXSourcesBuildPhase;
			buildActionMask = 2147483647;
			files = (
				1D9240761C9EB64E007183A9 /* ViewController.m in Sources */,
				1D9240731C9EB64E007183A9 /* AppDelegate.m in Sources */,
				1D9240701C9EB64E007183A9 /* main.m in Sources */,
				1D9240A81C9EB87C007183A9 /* KSTableViewSection.m in Sources */,
				BCE8D27E986DAA2E3A7E47F0 /* KSTableViewSection+Indexes.m in Sources */,
				BCE8DD9DA3B152BA6C4507F8 /* KSTableViewSection+RowGroup.m in Sources */,
				BCE8DE5646F8E73C8620520D /* KSTableViewManager.m in Sources */,
				BCE8D0A225FF9137EFBA25A7 /* KSTableViewManager+Actionable.m in Sources */,
			);
			runOnlyForDeploymentPostprocessing = 0;
		};
		1D9240801C9EB64E007183A9 /* Sources */ = {
			isa = PBXSourcesBuildPhase;
			buildActionMask = 2147483647;
			files = (
				1D9240891C9EB64E007183A9 /* KSTableViewManagerTests.m in Sources */,
			);
			runOnlyForDeploymentPostprocessing = 0;
		};
		1D92408B1C9EB64E007183A9 /* Sources */ = {
			isa = PBXSourcesBuildPhase;
			buildActionMask = 2147483647;
			files = (
				1D9240941C9EB64E007183A9 /* KSTableViewManagerUITests.m in Sources */,
			);
			runOnlyForDeploymentPostprocessing = 0;
		};
/* End PBXSourcesBuildPhase section */

/* Begin PBXTargetDependency section */
		1D9240861C9EB64E007183A9 /* PBXTargetDependency */ = {
			isa = PBXTargetDependency;
			target = 1D92406A1C9EB64E007183A9 /* KSTableViewManager */;
			targetProxy = 1D9240851C9EB64E007183A9 /* PBXContainerItemProxy */;
		};
		1D9240911C9EB64E007183A9 /* PBXTargetDependency */ = {
			isa = PBXTargetDependency;
			target = 1D92406A1C9EB64E007183A9 /* KSTableViewManager */;
			targetProxy = 1D9240901C9EB64E007183A9 /* PBXContainerItemProxy */;
		};
/* End PBXTargetDependency section */

/* Begin PBXVariantGroup section */
		1D9240771C9EB64E007183A9 /* Main.storyboard */ = {
			isa = PBXVariantGroup;
			children = (
				1D9240781C9EB64E007183A9 /* Base */,
			);
			name = Main.storyboard;
			sourceTree = "<group>";
		};
		1D92407C1C9EB64E007183A9 /* LaunchScreen.storyboard */ = {
			isa = PBXVariantGroup;
			children = (
				1D92407D1C9EB64E007183A9 /* Base */,
			);
			name = LaunchScreen.storyboard;
			sourceTree = "<group>";
		};
/* End PBXVariantGroup section */

/* Begin XCBuildConfiguration section */
		1D9240961C9EB64E007183A9 /* Debug */ = {
			isa = XCBuildConfiguration;
			buildSettings = {
				ALWAYS_SEARCH_USER_PATHS = NO;
				CLANG_CXX_LANGUAGE_STANDARD = "gnu++0x";
				CLANG_CXX_LIBRARY = "libc++";
				CLANG_ENABLE_MODULES = YES;
				CLANG_ENABLE_OBJC_ARC = YES;
				CLANG_WARN_BOOL_CONVERSION = YES;
				CLANG_WARN_CONSTANT_CONVERSION = YES;
				CLANG_WARN_DIRECT_OBJC_ISA_USAGE = YES_ERROR;
				CLANG_WARN_EMPTY_BODY = YES;
				CLANG_WARN_ENUM_CONVERSION = YES;
				CLANG_WARN_INT_CONVERSION = YES;
				CLANG_WARN_OBJC_ROOT_CLASS = YES_ERROR;
				CLANG_WARN_UNREACHABLE_CODE = YES;
				CLANG_WARN__DUPLICATE_METHOD_MATCH = YES;
				"CODE_SIGN_IDENTITY[sdk=iphoneos*]" = "iPhone Developer";
				COPY_PHASE_STRIP = NO;
				DEBUG_INFORMATION_FORMAT = dwarf;
				ENABLE_STRICT_OBJC_MSGSEND = YES;
				ENABLE_TESTABILITY = YES;
				GCC_C_LANGUAGE_STANDARD = gnu99;
				GCC_DYNAMIC_NO_PIC = NO;
				GCC_NO_COMMON_BLOCKS = YES;
				GCC_OPTIMIZATION_LEVEL = 0;
				GCC_PREPROCESSOR_DEFINITIONS = (
					"DEBUG=1",
					"$(inherited)",
				);
				GCC_WARN_64_TO_32_BIT_CONVERSION = YES;
				GCC_WARN_ABOUT_RETURN_TYPE = YES_ERROR;
				GCC_WARN_UNDECLARED_SELECTOR = YES;
				GCC_WARN_UNINITIALIZED_AUTOS = YES_AGGRESSIVE;
				GCC_WARN_UNUSED_FUNCTION = YES;
				GCC_WARN_UNUSED_VARIABLE = YES;
				IPHONEOS_DEPLOYMENT_TARGET = 9.2;
				MTL_ENABLE_DEBUG_INFO = YES;
				ONLY_ACTIVE_ARCH = YES;
				SDKROOT = iphoneos;
			};
			name = Debug;
		};
		1D9240971C9EB64E007183A9 /* Release */ = {
			isa = XCBuildConfiguration;
			buildSettings = {
				ALWAYS_SEARCH_USER_PATHS = NO;
				CLANG_CXX_LANGUAGE_STANDARD = "gnu++0x";
				CLANG_CXX_LIBRARY = "libc++";
				CLANG_ENABLE_MODULES = YES;
				CLANG_ENABLE_OBJC_ARC = YES;
				CLANG_WARN_BOOL_CONVERSION = YES;
				CLANG_WARN_CONSTANT_CONVERSION = YES;
				CLANG_WARN_DIRECT_OBJC_ISA_USAGE = YES_ERROR;
				CLANG_WARN_EMPTY_BODY = YES;
				CLANG_WARN_ENUM_CONVERSION = YES;
				CLANG_WARN_INT_CONVERSION = YES;
				CLANG_WARN_OBJC_ROOT_CLASS = YES_ERROR;
				CLANG_WARN_UNREACHABLE_CODE = YES;
				CLANG_WARN__DUPLICATE_METHOD_MATCH = YES;
				"CODE_SIGN_IDENTITY[sdk=iphoneos*]" = "iPhone Developer";
				COPY_PHASE_STRIP = NO;
				DEBUG_INFORMATION_FORMAT = "dwarf-with-dsym";
				ENABLE_NS_ASSERTIONS = NO;
				ENABLE_STRICT_OBJC_MSGSEND = YES;
				GCC_C_LANGUAGE_STANDARD = gnu99;
				GCC_NO_COMMON_BLOCKS = YES;
				GCC_WARN_64_TO_32_BIT_CONVERSION = YES;
				GCC_WARN_ABOUT_RETURN_TYPE = YES_ERROR;
				GCC_WARN_UNDECLARED_SELECTOR = YES;
				GCC_WARN_UNINITIALIZED_AUTOS = YES_AGGRESSIVE;
				GCC_WARN_UNUSED_FUNCTION = YES;
				GCC_WARN_UNUSED_VARIABLE = YES;
				IPHONEOS_DEPLOYMENT_TARGET = 9.2;
				MTL_ENABLE_DEBUG_INFO = NO;
				SDKROOT = iphoneos;
				VALIDATE_PRODUCT = YES;
			};
			name = Release;
		};
		1D9240991C9EB64E007183A9 /* Debug */ = {
			isa = XCBuildConfiguration;
			buildSettings = {
				ASSETCATALOG_COMPILER_APPICON_NAME = AppIcon;
				INFOPLIST_FILE = KSTableViewManager/Info.plist;
				LD_RUNPATH_SEARCH_PATHS = "$(inherited) @executable_path/Frameworks";
				PRODUCT_BUNDLE_IDENTIFIER = eu.koszcz.KSTableViewManager;
				PRODUCT_NAME = "$(TARGET_NAME)";
			};
			name = Debug;
		};
		1D92409A1C9EB64E007183A9 /* Release */ = {
			isa = XCBuildConfiguration;
			buildSettings = {
				ASSETCATALOG_COMPILER_APPICON_NAME = AppIcon;
				INFOPLIST_FILE = KSTableViewManager/Info.plist;
				LD_RUNPATH_SEARCH_PATHS = "$(inherited) @executable_path/Frameworks";
				PRODUCT_BUNDLE_IDENTIFIER = eu.koszcz.KSTableViewManager;
				PRODUCT_NAME = "$(TARGET_NAME)";
			};
			name = Release;
		};
		1D92409C1C9EB64E007183A9 /* Debug */ = {
			isa = XCBuildConfiguration;
			buildSettings = {
				BUNDLE_LOADER = "$(TEST_HOST)";
				INFOPLIST_FILE = KSTableViewManagerTests/Info.plist;
				LD_RUNPATH_SEARCH_PATHS = "$(inherited) @executable_path/Frameworks @loader_path/Frameworks";
				PRODUCT_BUNDLE_IDENTIFIER = eu.koszcz.KSTableViewManagerTests;
				PRODUCT_NAME = "$(TARGET_NAME)";
				TEST_HOST = "$(BUILT_PRODUCTS_DIR)/KSTableViewManager.app/KSTableViewManager";
			};
			name = Debug;
		};
		1D92409D1C9EB64E007183A9 /* Release */ = {
			isa = XCBuildConfiguration;
			buildSettings = {
				BUNDLE_LOADER = "$(TEST_HOST)";
				INFOPLIST_FILE = KSTableViewManagerTests/Info.plist;
				LD_RUNPATH_SEARCH_PATHS = "$(inherited) @executable_path/Frameworks @loader_path/Frameworks";
				PRODUCT_BUNDLE_IDENTIFIER = eu.koszcz.KSTableViewManagerTests;
				PRODUCT_NAME = "$(TARGET_NAME)";
				TEST_HOST = "$(BUILT_PRODUCTS_DIR)/KSTableViewManager.app/KSTableViewManager";
			};
			name = Release;
		};
		1D92409F1C9EB64E007183A9 /* Debug */ = {
			isa = XCBuildConfiguration;
			buildSettings = {
				INFOPLIST_FILE = KSTableViewManagerUITests/Info.plist;
				LD_RUNPATH_SEARCH_PATHS = "$(inherited) @executable_path/Frameworks @loader_path/Frameworks";
				PRODUCT_BUNDLE_IDENTIFIER = eu.koszcz.KSTableViewManagerUITests;
				PRODUCT_NAME = "$(TARGET_NAME)";
				TEST_TARGET_NAME = KSTableViewManager;
				USES_XCTRUNNER = YES;
			};
			name = Debug;
		};
		1D9240A01C9EB64E007183A9 /* Release */ = {
			isa = XCBuildConfiguration;
			buildSettings = {
				INFOPLIST_FILE = KSTableViewManagerUITests/Info.plist;
				LD_RUNPATH_SEARCH_PATHS = "$(inherited) @executable_path/Frameworks @loader_path/Frameworks";
				PRODUCT_BUNDLE_IDENTIFIER = eu.koszcz.KSTableViewManagerUITests;
				PRODUCT_NAME = "$(TARGET_NAME)";
				TEST_TARGET_NAME = KSTableViewManager;
				USES_XCTRUNNER = YES;
			};
			name = Release;
		};
/* End XCBuildConfiguration section */

/* Begin XCConfigurationList section */
		1D9240661C9EB64D007183A9 /* Build configuration list for PBXProject "KSTableViewManager" */ = {
			isa = XCConfigurationList;
			buildConfigurations = (
				1D9240961C9EB64E007183A9 /* Debug */,
				1D9240971C9EB64E007183A9 /* Release */,
			);
			defaultConfigurationIsVisible = 0;
			defaultConfigurationName = Release;
		};
		1D9240981C9EB64E007183A9 /* Build configuration list for PBXNativeTarget "KSTableViewManager" */ = {
			isa = XCConfigurationList;
			buildConfigurations = (
				1D9240991C9EB64E007183A9 /* Debug */,
				1D92409A1C9EB64E007183A9 /* Release */,
			);
			defaultConfigurationIsVisible = 0;
			defaultConfigurationName = Release;
		};
		1D92409B1C9EB64E007183A9 /* Build configuration list for PBXNativeTarget "KSTableViewManagerTests" */ = {
			isa = XCConfigurationList;
			buildConfigurations = (
				1D92409C1C9EB64E007183A9 /* Debug */,
				1D92409D1C9EB64E007183A9 /* Release */,
			);
			defaultConfigurationIsVisible = 0;
			defaultConfigurationName = Release;
		};
		1D92409E1C9EB64E007183A9 /* Build configuration list for PBXNativeTarget "KSTableViewManagerUITests" */ = {
			isa = XCConfigurationList;
			buildConfigurations = (
				1D92409F1C9EB64E007183A9 /* Debug */,
				1D9240A01C9EB64E007183A9 /* Release */,
			);
			defaultConfigurationIsVisible = 0;
			defaultConfigurationName = Release;
		};
/* End XCConfigurationList section */
	};
	rootObject = 1D9240631C9EB64D007183A9 /* Project object */;
}
